<?xml version="1.0" encoding="utf-8"?>
<Project ToolsVersion="4.0" xmlns="http://schemas.microsoft.com/developer/msbuild/2003">
  <ItemGroup>
    <Filter Include="Source Files">
      <UniqueIdentifier>{4FC737F1-C7A5-4376-A066-2A32D752A2FF}</UniqueIdentifier>
      <Extensions>cpp;c;cc;cxx;c++;cppm;ixx;def;odl;idl;hpj;bat;asm;asmx</Extensions>
    </Filter>
    <Filter Include="Header Files">
      <UniqueIdentifier>{93995380-89BD-4b04-88EB-625FBE52EBFB}</UniqueIdentifier>
      <Extensions>h;hh;hpp;hxx;h++;hm;inl;inc;ipp;xsd</Extensions>
    </Filter>
    <Filter Include="Source Files\backend">
      <UniqueIdentifier>{a756158b-499f-42e6-9257-01047933c3ba}</UniqueIdentifier>
    </Filter>
    <Filter Include="Source Files\frontend">
      <UniqueIdentifier>{ff0d2999-682e-41c8-8e0e-34876ff89c87}</UniqueIdentifier>
    </Filter>
    <Filter Include="Source Files\ir_opt">
      <UniqueIdentifier>{19b7ffa1-9918-45e6-8c23-4370a5e57567}</UniqueIdentifier>
    </Filter>
    <Filter Include="Source Files\backend\glasm">
      <UniqueIdentifier>{a2aa011f-c97a-4796-927a-ebd132e36ae9}</UniqueIdentifier>
    </Filter>
    <Filter Include="Source Files\backend\glsl">
      <UniqueIdentifier>{0a960bce-5750-4619-8a46-e2bf87eeeb49}</UniqueIdentifier>
    </Filter>
    <Filter Include="Source Files\backend\spirv">
      <UniqueIdentifier>{658b6f6c-d415-4635-b1da-24d17006441a}</UniqueIdentifier>
    </Filter>
    <Filter Include="Source Files\frontend\ir">
      <UniqueIdentifier>{1434b5a9-4281-425f-805c-817c59972495}</UniqueIdentifier>
    </Filter>
    <Filter Include="Source Files\frontend\maxwell">
      <UniqueIdentifier>{f85bb6be-1878-4281-aacc-bec97d51dafe}</UniqueIdentifier>
    </Filter>
    <Filter Include="Source Files\frontend\maxwell\translate">
      <UniqueIdentifier>{b74403b5-2bcf-4963-a3ca-11ac2f7f6525}</UniqueIdentifier>
    </Filter>
    <Filter Include="Source Files\frontend\maxwell\translate\impl">
      <UniqueIdentifier>{73b878af-7719-450b-bef6-e87d09ec1aaf}</UniqueIdentifier>
    </Filter>
    <Filter Include="Header Files\backend">
      <UniqueIdentifier>{57632a50-6d8c-407d-a8dd-b147e77c584a}</UniqueIdentifier>
    </Filter>
    <Filter Include="Header Files\backend\glasm">
      <UniqueIdentifier>{531dcbd3-4b8d-481d-82e0-f79b0e160c8a}</UniqueIdentifier>
    </Filter>
    <Filter Include="Header Files\backend\glsl">
      <UniqueIdentifier>{de1ca9e8-fdcf-4443-991d-fe217d8ec6c6}</UniqueIdentifier>
    </Filter>
    <Filter Include="Header Files\backend\spirv">
      <UniqueIdentifier>{80caa097-072b-419b-8ff2-f8f1bd31615e}</UniqueIdentifier>
    </Filter>
    <Filter Include="Header Files\frontend">
      <UniqueIdentifier>{cbd6d2fa-f26a-4d6a-b3cf-6ebfe4bf762b}</UniqueIdentifier>
    </Filter>
    <Filter Include="Header Files\frontend\ir">
      <UniqueIdentifier>{d6fb2ec3-f1cb-412b-88f8-9f90fede0b21}</UniqueIdentifier>
    </Filter>
    <Filter Include="Header Files\frontend\maxwell">
      <UniqueIdentifier>{092f8156-c80b-427b-ac71-0079bafa3c3e}</UniqueIdentifier>
    </Filter>
    <Filter Include="Header Files\ir_opt">
      <UniqueIdentifier>{e852a7aa-88bf-4422-9fb9-723d38d463ea}</UniqueIdentifier>
    </Filter>
    <Filter Include="Header Files\frontend\maxwell\translate">
      <UniqueIdentifier>{fd3f03f3-f136-4c40-b63c-0a20ea18bd65}</UniqueIdentifier>
    </Filter>
    <Filter Include="Header Files\frontend\maxwell\translate\impl">
      <UniqueIdentifier>{0785340c-b969-40e0-8a2b-0c659f88b1f1}</UniqueIdentifier>
    </Filter>
  </ItemGroup>
  <ItemGroup>
    <ClInclude Include="environment.h">
      <Filter>Header Files</Filter>
    </ClInclude>
    <ClInclude Include="exception.h">
      <Filter>Header Files</Filter>
    </ClInclude>
    <ClInclude Include="host_translate_info.h">
      <Filter>Header Files</Filter>
    </ClInclude>
    <ClInclude Include="object_pool.h">
      <Filter>Header Files</Filter>
    </ClInclude>
    <ClInclude Include="precompiled_headers.h">
      <Filter>Header Files</Filter>
    </ClInclude>
    <ClInclude Include="profile.h">
      <Filter>Header Files</Filter>
    </ClInclude>
    <ClInclude Include="program_header.h">
      <Filter>Header Files</Filter>
    </ClInclude>
    <ClInclude Include="runtime_info.h">
      <Filter>Header Files</Filter>
    </ClInclude>
    <ClInclude Include="shader_info.h">
      <Filter>Header Files</Filter>
    </ClInclude>
    <ClInclude Include="stage.h">
      <Filter>Header Files</Filter>
    </ClInclude>
    <ClInclude Include="varying_state.h">
      <Filter>Header Files</Filter>
    </ClInclude>
    <ClInclude Include="backend\bindings.h">
      <Filter>Header Files\backend</Filter>
    </ClInclude>
    <ClInclude Include="backend\glasm\emit_glasm.h">
      <Filter>Header Files\backend\glasm</Filter>
    </ClInclude>
    <ClInclude Include="backend\glasm\emit_glasm_instructions.h">
      <Filter>Header Files\backend\glasm</Filter>
    </ClInclude>
    <ClInclude Include="backend\glasm\glasm_emit_context.h">
      <Filter>Header Files\backend\glasm</Filter>
    </ClInclude>
    <ClInclude Include="backend\glasm\reg_alloc.h">
      <Filter>Header Files\backend\glasm</Filter>
    </ClInclude>
    <ClInclude Include="backend\glsl\emit_glsl.h">
      <Filter>Header Files\backend\glsl</Filter>
    </ClInclude>
    <ClInclude Include="backend\glsl\emit_glsl_instructions.h">
      <Filter>Header Files\backend\glsl</Filter>
    </ClInclude>
    <ClInclude Include="backend\glsl\glsl_emit_context.h">
      <Filter>Header Files\backend\glsl</Filter>
    </ClInclude>
    <ClInclude Include="backend\glsl\var_alloc.h">
      <Filter>Header Files\backend\glsl</Filter>
    </ClInclude>
    <ClInclude Include="backend\spirv\emit_spirv.h">
      <Filter>Header Files\backend\spirv</Filter>
    </ClInclude>
    <ClInclude Include="backend\spirv\emit_spirv_instructions.h">
      <Filter>Header Files\backend\spirv</Filter>
    </ClInclude>
    <ClInclude Include="backend\spirv\spirv_emit_context.h">
      <Filter>Header Files\backend\spirv</Filter>
    </ClInclude>
    <ClInclude Include="frontend\ir\abstract_syntax_list.h">
      <Filter>Header Files\frontend\ir</Filter>
    </ClInclude>
    <ClInclude Include="frontend\ir\attribute.h">
      <Filter>Header Files\frontend\ir</Filter>
    </ClInclude>
    <ClInclude Include="frontend\ir\basic_block.h">
      <Filter>Header Files\frontend\ir</Filter>
    </ClInclude>
    <ClInclude Include="frontend\ir\breadth_first_search.h">
      <Filter>Header Files\frontend\ir</Filter>
    </ClInclude>
    <ClInclude Include="frontend\ir\condition.h">
      <Filter>Header Files\frontend\ir</Filter>
    </ClInclude>
    <ClInclude Include="frontend\ir\flow_test.h">
      <Filter>Header Files\frontend\ir</Filter>
    </ClInclude>
    <ClInclude Include="frontend\ir\ir_emitter.h">
      <Filter>Header Files\frontend\ir</Filter>
    </ClInclude>
    <ClInclude Include="frontend\ir\modifiers.h">
      <Filter>Header Files\frontend\ir</Filter>
    </ClInclude>
    <ClInclude Include="frontend\ir\opcodes.h">
      <Filter>Header Files\frontend\ir</Filter>
    </ClInclude>
    <ClInclude Include="frontend\ir\patch.h">
      <Filter>Header Files\frontend\ir</Filter>
    </ClInclude>
    <ClInclude Include="frontend\ir\post_order.h">
      <Filter>Header Files\frontend\ir</Filter>
    </ClInclude>
    <ClInclude Include="frontend\ir\pred.h">
      <Filter>Header Files\frontend\ir</Filter>
    </ClInclude>
    <ClInclude Include="frontend\ir\program.h">
      <Filter>Header Files\frontend\ir</Filter>
    </ClInclude>
    <ClInclude Include="frontend\ir\reg.h">
      <Filter>Header Files\frontend\ir</Filter>
    </ClInclude>
    <ClInclude Include="frontend\ir\type.h">
      <Filter>Header Files\frontend\ir</Filter>
    </ClInclude>
    <ClInclude Include="frontend\ir\value.h">
      <Filter>Header Files\frontend\ir</Filter>
    </ClInclude>
    <ClInclude Include="frontend\maxwell\control_flow.h">
      <Filter>Header Files\frontend\maxwell</Filter>
    </ClInclude>
    <ClInclude Include="frontend\maxwell\decode.h">
      <Filter>Header Files\frontend\maxwell</Filter>
    </ClInclude>
    <ClInclude Include="frontend\maxwell\indirect_branch_table_track.h">
      <Filter>Header Files\frontend\maxwell</Filter>
    </ClInclude>
    <ClInclude Include="frontend\maxwell\instruction.h">
      <Filter>Header Files\frontend\maxwell</Filter>
    </ClInclude>
    <ClInclude Include="frontend\maxwell\location.h">
      <Filter>Header Files\frontend\maxwell</Filter>
    </ClInclude>
    <ClInclude Include="frontend\maxwell\opcodes.h">
      <Filter>Header Files\frontend\maxwell</Filter>
    </ClInclude>
    <ClInclude Include="frontend\maxwell\structured_control_flow.h">
      <Filter>Header Files\frontend\maxwell</Filter>
    </ClInclude>
    <ClInclude Include="frontend\maxwell\translate_program.h">
      <Filter>Header Files\frontend\maxwell</Filter>
    </ClInclude>
    <ClInclude Include="frontend\maxwell\translate\translate.h">
      <Filter>Header Files\frontend\maxwell\translate</Filter>
    </ClInclude>
    <ClInclude Include="frontend\maxwell\translate\impl\common_encoding.h">
      <Filter>Header Files\frontend\maxwell\translate\impl</Filter>
    </ClInclude>
    <ClInclude Include="frontend\maxwell\translate\impl\common_funcs.h">
      <Filter>Header Files\frontend\maxwell\translate\impl</Filter>
    </ClInclude>
    <ClInclude Include="frontend\maxwell\translate\impl\half_floating_point_helper.h">
      <Filter>Header Files\frontend\maxwell\translate\impl</Filter>
    </ClInclude>
    <ClInclude Include="frontend\maxwell\translate\impl\impl.h">
      <Filter>Header Files\frontend\maxwell\translate\impl</Filter>
    </ClInclude>
    <ClInclude Include="frontend\maxwell\translate\impl\load_constant.h">
      <Filter>Header Files\frontend\maxwell\translate\impl</Filter>
    </ClInclude>
    <ClInclude Include="frontend\maxwell\translate\impl\video_helper.h">
      <Filter>Header Files\frontend\maxwell\translate\impl</Filter>
    </ClInclude>
    <ClInclude Include="ir_opt\passes.h">
      <Filter>Header Files\ir_opt</Filter>
    </ClInclude>
  </ItemGroup>
  <ItemGroup>
    <ClCompile Include="backend\glasm\emit_glasm.cpp">
      <Filter>Source Files\backend\glasm</Filter>
    </ClCompile>
    <ClCompile Include="backend\glasm\emit_glasm_barriers.cpp">
      <Filter>Source Files\backend\glasm</Filter>
    </ClCompile>
    <ClCompile Include="backend\glasm\emit_glasm_bitwise_conversion.cpp">
      <Filter>Source Files\backend\glasm</Filter>
    </ClCompile>
    <ClCompile Include="backend\glasm\emit_glasm_composite.cpp">
      <Filter>Source Files\backend\glasm</Filter>
    </ClCompile>
    <ClCompile Include="backend\glasm\emit_glasm_context_get_set.cpp">
      <Filter>Source Files\backend\glasm</Filter>
    </ClCompile>
    <ClCompile Include="backend\glasm\emit_glasm_control_flow.cpp">
      <Filter>Source Files\backend\glasm</Filter>
    </ClCompile>
    <ClCompile Include="backend\glasm\emit_glasm_convert.cpp">
      <Filter>Source Files\backend\glasm</Filter>
    </ClCompile>
    <ClCompile Include="backend\glasm\emit_glasm_floating_point.cpp">
      <Filter>Source Files\backend\glasm</Filter>
    </ClCompile>
    <ClCompile Include="backend\glasm\emit_glasm_image.cpp">
      <Filter>Source Files\backend\glasm</Filter>
    </ClCompile>
    <ClCompile Include="backend\glasm\emit_glasm_integer.cpp">
      <Filter>Source Files\backend\glasm</Filter>
    </ClCompile>
    <ClCompile Include="backend\glasm\emit_glasm_logical.cpp">
      <Filter>Source Files\backend\glasm</Filter>
    </ClCompile>
    <ClCompile Include="backend\glasm\emit_glasm_memory.cpp">
      <Filter>Source Files\backend\glasm</Filter>
    </ClCompile>
    <ClCompile Include="backend\glasm\emit_glasm_not_implemented.cpp">
      <Filter>Source Files\backend\glasm</Filter>
    </ClCompile>
    <ClCompile Include="backend\glasm\emit_glasm_select.cpp">
      <Filter>Source Files\backend\glasm</Filter>
    </ClCompile>
    <ClCompile Include="backend\glasm\emit_glasm_shared_memory.cpp">
      <Filter>Source Files\backend\glasm</Filter>
    </ClCompile>
    <ClCompile Include="backend\glasm\emit_glasm_special.cpp">
      <Filter>Source Files\backend\glasm</Filter>
    </ClCompile>
    <ClCompile Include="backend\glasm\emit_glasm_undefined.cpp">
      <Filter>Source Files\backend\glasm</Filter>
    </ClCompile>
    <ClCompile Include="backend\glasm\emit_glasm_warp.cpp">
      <Filter>Source Files\backend\glasm</Filter>
    </ClCompile>
    <ClCompile Include="backend\glasm\glasm_emit_context.cpp">
      <Filter>Source Files\backend\glasm</Filter>
    </ClCompile>
    <ClCompile Include="backend\glasm\reg_alloc.cpp">
      <Filter>Source Files\backend\glasm</Filter>
    </ClCompile>
    <ClCompile Include="backend\glsl\emit_glsl.cpp">
      <Filter>Source Files\backend\glsl</Filter>
    </ClCompile>
    <ClCompile Include="backend\glsl\emit_glsl_atomic.cpp">
      <Filter>Source Files\backend\glsl</Filter>
    </ClCompile>
    <ClCompile Include="backend\glsl\emit_glsl_barriers.cpp">
      <Filter>Source Files\backend\glsl</Filter>
    </ClCompile>
    <ClCompile Include="backend\glsl\emit_glsl_bitwise_conversion.cpp">
      <Filter>Source Files\backend\glsl</Filter>
    </ClCompile>
    <ClCompile Include="backend\glsl\emit_glsl_composite.cpp">
      <Filter>Source Files\backend\glsl</Filter>
    </ClCompile>
    <ClCompile Include="backend\glsl\emit_glsl_context_get_set.cpp">
      <Filter>Source Files\backend\glsl</Filter>
    </ClCompile>
    <ClCompile Include="backend\glsl\emit_glsl_control_flow.cpp">
      <Filter>Source Files\backend\glsl</Filter>
    </ClCompile>
    <ClCompile Include="backend\glsl\emit_glsl_convert.cpp">
      <Filter>Source Files\backend\glsl</Filter>
    </ClCompile>
    <ClCompile Include="backend\glsl\emit_glsl_floating_point.cpp">
      <Filter>Source Files\backend\glsl</Filter>
    </ClCompile>
    <ClCompile Include="backend\glsl\emit_glsl_image.cpp">
      <Filter>Source Files\backend\glsl</Filter>
    </ClCompile>
    <ClCompile Include="backend\glsl\emit_glsl_integer.cpp">
      <Filter>Source Files\backend\glsl</Filter>
    </ClCompile>
    <ClCompile Include="backend\glsl\emit_glsl_logical.cpp">
      <Filter>Source Files\backend\glsl</Filter>
    </ClCompile>
    <ClCompile Include="backend\glsl\emit_glsl_memory.cpp">
      <Filter>Source Files\backend\glsl</Filter>
    </ClCompile>
    <ClCompile Include="backend\glsl\emit_glsl_not_implemented.cpp">
      <Filter>Source Files\backend\glsl</Filter>
    </ClCompile>
    <ClCompile Include="backend\glsl\emit_glsl_select.cpp">
      <Filter>Source Files\backend\glsl</Filter>
    </ClCompile>
    <ClCompile Include="backend\glsl\emit_glsl_shared_memory.cpp">
      <Filter>Source Files\backend\glsl</Filter>
    </ClCompile>
    <ClCompile Include="backend\glsl\emit_glsl_special.cpp">
      <Filter>Source Files\backend\glsl</Filter>
    </ClCompile>
    <ClCompile Include="backend\glsl\emit_glsl_undefined.cpp">
      <Filter>Source Files\backend\glsl</Filter>
    </ClCompile>
    <ClCompile Include="backend\glsl\emit_glsl_warp.cpp">
      <Filter>Source Files\backend\glsl</Filter>
    </ClCompile>
    <ClCompile Include="backend\glsl\glsl_emit_context.cpp">
      <Filter>Source Files\backend\glsl</Filter>
    </ClCompile>
    <ClCompile Include="backend\glsl\var_alloc.cpp">
      <Filter>Source Files\backend\glsl</Filter>
    </ClCompile>
    <ClCompile Include="backend\spirv\emit_spirv.cpp">
      <Filter>Source Files\backend\spirv</Filter>
    </ClCompile>
    <ClCompile Include="backend\spirv\emit_spirv_atomic.cpp">
      <Filter>Source Files\backend\spirv</Filter>
    </ClCompile>
    <ClCompile Include="backend\spirv\emit_spirv_barriers.cpp">
      <Filter>Source Files\backend\spirv</Filter>
    </ClCompile>
    <ClCompile Include="backend\spirv\emit_spirv_bitwise_conversion.cpp">
      <Filter>Source Files\backend\spirv</Filter>
    </ClCompile>
    <ClCompile Include="backend\spirv\emit_spirv_composite.cpp">
      <Filter>Source Files\backend\spirv</Filter>
    </ClCompile>
    <ClCompile Include="backend\spirv\emit_spirv_context_get_set.cpp">
      <Filter>Source Files\backend\spirv</Filter>
    </ClCompile>
    <ClCompile Include="backend\spirv\emit_spirv_control_flow.cpp">
      <Filter>Source Files\backend\spirv</Filter>
    </ClCompile>
    <ClCompile Include="backend\spirv\emit_spirv_convert.cpp">
      <Filter>Source Files\backend\spirv</Filter>
    </ClCompile>
    <ClCompile Include="backend\spirv\emit_spirv_floating_point.cpp">
      <Filter>Source Files\backend\spirv</Filter>
    </ClCompile>
    <ClCompile Include="backend\spirv\emit_spirv_image.cpp">
      <Filter>Source Files\backend\spirv</Filter>
    </ClCompile>
    <ClCompile Include="backend\spirv\emit_spirv_image_atomic.cpp">
      <Filter>Source Files\backend\spirv</Filter>
    </ClCompile>
    <ClCompile Include="backend\spirv\emit_spirv_integer.cpp">
      <Filter>Source Files\backend\spirv</Filter>
    </ClCompile>
    <ClCompile Include="backend\spirv\emit_spirv_logical.cpp">
      <Filter>Source Files\backend\spirv</Filter>
    </ClCompile>
    <ClCompile Include="backend\spirv\emit_spirv_memory.cpp">
      <Filter>Source Files\backend\spirv</Filter>
    </ClCompile>
    <ClCompile Include="backend\spirv\emit_spirv_select.cpp">
      <Filter>Source Files\backend\spirv</Filter>
    </ClCompile>
    <ClCompile Include="backend\spirv\emit_spirv_shared_memory.cpp">
      <Filter>Source Files\backend\spirv</Filter>
    </ClCompile>
    <ClCompile Include="backend\spirv\emit_spirv_special.cpp">
      <Filter>Source Files\backend\spirv</Filter>
    </ClCompile>
    <ClCompile Include="backend\spirv\emit_spirv_undefined.cpp">
      <Filter>Source Files\backend\spirv</Filter>
    </ClCompile>
    <ClCompile Include="backend\spirv\emit_spirv_warp.cpp">
      <Filter>Source Files\backend\spirv</Filter>
    </ClCompile>
    <ClCompile Include="backend\spirv\spirv_emit_context.cpp">
      <Filter>Source Files\backend\spirv</Filter>
    </ClCompile>
    <ClCompile Include="frontend\ir\attribute.cpp">
      <Filter>Source Files\frontend\ir</Filter>
    </ClCompile>
    <ClCompile Include="frontend\ir\basic_block.cpp">
      <Filter>Source Files\frontend\ir</Filter>
    </ClCompile>
    <ClCompile Include="frontend\ir\condition.cpp">
      <Filter>Source Files\frontend\ir</Filter>
    </ClCompile>
    <ClCompile Include="frontend\ir\flow_test.cpp">
      <Filter>Source Files\frontend\ir</Filter>
    </ClCompile>
    <ClCompile Include="frontend\ir\ir_emitter.cpp">
      <Filter>Source Files\frontend\ir</Filter>
    </ClCompile>
    <ClCompile Include="frontend\ir\microinstruction.cpp">
      <Filter>Source Files\frontend\ir</Filter>
    </ClCompile>
    <ClCompile Include="frontend\ir\opcodes.cpp">
      <Filter>Source Files\frontend\ir</Filter>
    </ClCompile>
    <ClCompile Include="frontend\ir\patch.cpp">
      <Filter>Source Files\frontend\ir</Filter>
    </ClCompile>
    <ClCompile Include="frontend\ir\post_order.cpp">
      <Filter>Source Files\frontend\ir</Filter>
    </ClCompile>
    <ClCompile Include="frontend\ir\program.cpp">
      <Filter>Source Files\frontend\ir</Filter>
    </ClCompile>
    <ClCompile Include="frontend\ir\type.cpp">
      <Filter>Source Files\frontend\ir</Filter>
    </ClCompile>
    <ClCompile Include="frontend\ir\value.cpp">
      <Filter>Source Files\frontend\ir</Filter>
    </ClCompile>
    <ClCompile Include="frontend\maxwell\control_flow.cpp">
      <Filter>Source Files\frontend\maxwell</Filter>
    </ClCompile>
    <ClCompile Include="frontend\maxwell\decode.cpp">
      <Filter>Source Files\frontend\maxwell</Filter>
    </ClCompile>
    <ClCompile Include="frontend\maxwell\indirect_branch_table_track.cpp">
      <Filter>Source Files\frontend\maxwell</Filter>
    </ClCompile>
    <ClCompile Include="frontend\maxwell\opcodes.cpp">
      <Filter>Source Files\frontend\maxwell</Filter>
    </ClCompile>
    <ClCompile Include="frontend\maxwell\structured_control_flow.cpp">
      <Filter>Source Files\frontend\maxwell</Filter>
    </ClCompile>
    <ClCompile Include="frontend\maxwell\translate_program.cpp">
      <Filter>Source Files\frontend\maxwell</Filter>
    </ClCompile>
    <ClCompile Include="frontend\maxwell\translate\translate.cpp">
      <Filter>Source Files\frontend\maxwell\translate</Filter>
    </ClCompile>
    <ClCompile Include="frontend\maxwell\translate\impl\atomic_operations_global_memory.cpp">
      <Filter>Source Files\frontend\maxwell\translate\impl</Filter>
    </ClCompile>
    <ClCompile Include="frontend\maxwell\translate\impl\atomic_operations_shared_memory.cpp">
      <Filter>Source Files\frontend\maxwell\translate\impl</Filter>
    </ClCompile>
    <ClCompile Include="frontend\maxwell\translate\impl\attribute_memory_to_physical.cpp">
      <Filter>Source Files\frontend\maxwell\translate\impl</Filter>
    </ClCompile>
    <ClCompile Include="frontend\maxwell\translate\impl\barrier_operations.cpp">
      <Filter>Source Files\frontend\maxwell\translate\impl</Filter>
    </ClCompile>
    <ClCompile Include="frontend\maxwell\translate\impl\bitfield_extract.cpp">
      <Filter>Source Files\frontend\maxwell\translate\impl</Filter>
    </ClCompile>
    <ClCompile Include="frontend\maxwell\translate\impl\bitfield_insert.cpp">
      <Filter>Source Files\frontend\maxwell\translate\impl</Filter>
    </ClCompile>
    <ClCompile Include="frontend\maxwell\translate\impl\branch_indirect.cpp">
      <Filter>Source Files\frontend\maxwell\translate\impl</Filter>
    </ClCompile>
    <ClCompile Include="frontend\maxwell\translate\impl\common_funcs.cpp">
      <Filter>Source Files\frontend\maxwell\translate\impl</Filter>
    </ClCompile>
    <ClCompile Include="frontend\maxwell\translate\impl\condition_code_set.cpp">
      <Filter>Source Files\frontend\maxwell\translate\impl</Filter>
    </ClCompile>
    <ClCompile Include="frontend\maxwell\translate\impl\double_add.cpp">
      <Filter>Source Files\frontend\maxwell\translate\impl</Filter>
    </ClCompile>
    <ClCompile Include="frontend\maxwell\translate\impl\double_compare_and_set.cpp">
      <Filter>Source Files\frontend\maxwell\translate\impl</Filter>
    </ClCompile>
    <ClCompile Include="frontend\maxwell\translate\impl\double_fused_multiply_add.cpp">
      <Filter>Source Files\frontend\maxwell\translate\impl</Filter>
    </ClCompile>
    <ClCompile Include="frontend\maxwell\translate\impl\double_min_max.cpp">
      <Filter>Source Files\frontend\maxwell\translate\impl</Filter>
    </ClCompile>
    <ClCompile Include="frontend\maxwell\translate\impl\double_multiply.cpp">
      <Filter>Source Files\frontend\maxwell\translate\impl</Filter>
    </ClCompile>
    <ClCompile Include="frontend\maxwell\translate\impl\double_set_predicate.cpp">
      <Filter>Source Files\frontend\maxwell\translate\impl</Filter>
    </ClCompile>
    <ClCompile Include="frontend\maxwell\translate\impl\exit_program.cpp">
      <Filter>Source Files\frontend\maxwell\translate\impl</Filter>
    </ClCompile>
    <ClCompile Include="frontend\maxwell\translate\impl\find_leading_one.cpp">
      <Filter>Source Files\frontend\maxwell\translate\impl</Filter>
    </ClCompile>
    <ClCompile Include="frontend\maxwell\translate\impl\floating_point_add.cpp">
      <Filter>Source Files\frontend\maxwell\translate\impl</Filter>
    </ClCompile>
    <ClCompile Include="frontend\maxwell\translate\impl\floating_point_compare.cpp">
      <Filter>Source Files\frontend\maxwell\translate\impl</Filter>
    </ClCompile>
    <ClCompile Include="frontend\maxwell\translate\impl\floating_point_compare_and_set.cpp">
      <Filter>Source Files\frontend\maxwell\translate\impl</Filter>
    </ClCompile>
    <ClCompile Include="frontend\maxwell\translate\impl\floating_point_conversion_floating_point.cpp">
      <Filter>Source Files\frontend\maxwell\translate\impl</Filter>
    </ClCompile>
    <ClCompile Include="frontend\maxwell\translate\impl\floating_point_conversion_integer.cpp">
      <Filter>Source Files\frontend\maxwell\translate\impl</Filter>
    </ClCompile>
    <ClCompile Include="frontend\maxwell\translate\impl\floating_point_fused_multiply_add.cpp">
      <Filter>Source Files\frontend\maxwell\translate\impl</Filter>
    </ClCompile>
    <ClCompile Include="frontend\maxwell\translate\impl\floating_point_min_max.cpp">
      <Filter>Source Files\frontend\maxwell\translate\impl</Filter>
    </ClCompile>
    <ClCompile Include="frontend\maxwell\translate\impl\floating_point_multi_function.cpp">
      <Filter>Source Files\frontend\maxwell\translate\impl</Filter>
    </ClCompile>
    <ClCompile Include="frontend\maxwell\translate\impl\floating_point_multiply.cpp">
      <Filter>Source Files\frontend\maxwell\translate\impl</Filter>
    </ClCompile>
    <ClCompile Include="frontend\maxwell\translate\impl\floating_point_range_reduction.cpp">
      <Filter>Source Files\frontend\maxwell\translate\impl</Filter>
    </ClCompile>
    <ClCompile Include="frontend\maxwell\translate\impl\floating_point_set_predicate.cpp">
      <Filter>Source Files\frontend\maxwell\translate\impl</Filter>
    </ClCompile>
    <ClCompile Include="frontend\maxwell\translate\impl\floating_point_swizzled_add.cpp">
      <Filter>Source Files\frontend\maxwell\translate\impl</Filter>
    </ClCompile>
    <ClCompile Include="frontend\maxwell\translate\impl\half_floating_point_add.cpp">
      <Filter>Source Files\frontend\maxwell\translate\impl</Filter>
    </ClCompile>
    <ClCompile Include="frontend\maxwell\translate\impl\half_floating_point_fused_multiply_add.cpp">
      <Filter>Source Files\frontend\maxwell\translate\impl</Filter>
    </ClCompile>
    <ClCompile Include="frontend\maxwell\translate\impl\half_floating_point_helper.cpp">
      <Filter>Source Files\frontend\maxwell\translate\impl</Filter>
    </ClCompile>
    <ClCompile Include="frontend\maxwell\translate\impl\half_floating_point_multiply.cpp">
      <Filter>Source Files\frontend\maxwell\translate\impl</Filter>
    </ClCompile>
    <ClCompile Include="frontend\maxwell\translate\impl\half_floating_point_set.cpp">
      <Filter>Source Files\frontend\maxwell\translate\impl</Filter>
    </ClCompile>
    <ClCompile Include="frontend\maxwell\translate\impl\half_floating_point_set_predicate.cpp">
      <Filter>Source Files\frontend\maxwell\translate\impl</Filter>
    </ClCompile>
    <ClCompile Include="frontend\maxwell\translate\impl\impl.cpp">
      <Filter>Source Files\frontend\maxwell\translate\impl</Filter>
    </ClCompile>
    <ClCompile Include="frontend\maxwell\translate\impl\integer_add.cpp">
      <Filter>Source Files\frontend\maxwell\translate\impl</Filter>
    </ClCompile>
    <ClCompile Include="frontend\maxwell\translate\impl\integer_add_three_input.cpp">
      <Filter>Source Files\frontend\maxwell\translate\impl</Filter>
    </ClCompile>
    <ClCompile Include="frontend\maxwell\translate\impl\integer_compare.cpp">
      <Filter>Source Files\frontend\maxwell\translate\impl</Filter>
    </ClCompile>
    <ClCompile Include="frontend\maxwell\translate\impl\integer_compare_and_set.cpp">
      <Filter>Source Files\frontend\maxwell\translate\impl</Filter>
    </ClCompile>
    <ClCompile Include="frontend\maxwell\translate\impl\integer_floating_point_conversion.cpp">
      <Filter>Source Files\frontend\maxwell\translate\impl</Filter>
    </ClCompile>
    <ClCompile Include="frontend\maxwell\translate\impl\integer_funnel_shift.cpp">
      <Filter>Source Files\frontend\maxwell\translate\impl</Filter>
    </ClCompile>
    <ClCompile Include="frontend\maxwell\translate\impl\integer_minimum_maximum.cpp">
      <Filter>Source Files\frontend\maxwell\translate\impl</Filter>
    </ClCompile>
    <ClCompile Include="frontend\maxwell\translate\impl\integer_popcount.cpp">
      <Filter>Source Files\frontend\maxwell\translate\impl</Filter>
    </ClCompile>
    <ClCompile Include="frontend\maxwell\translate\impl\integer_scaled_add.cpp">
      <Filter>Source Files\frontend\maxwell\translate\impl</Filter>
    </ClCompile>
    <ClCompile Include="frontend\maxwell\translate\impl\integer_set_predicate.cpp">
      <Filter>Source Files\frontend\maxwell\translate\impl</Filter>
    </ClCompile>
    <ClCompile Include="frontend\maxwell\translate\impl\integer_shift_left.cpp">
      <Filter>Source Files\frontend\maxwell\translate\impl</Filter>
    </ClCompile>
    <ClCompile Include="frontend\maxwell\translate\impl\integer_shift_right.cpp">
      <Filter>Source Files\frontend\maxwell\translate\impl</Filter>
    </ClCompile>
    <ClCompile Include="frontend\maxwell\translate\impl\integer_short_multiply_add.cpp">
      <Filter>Source Files\frontend\maxwell\translate\impl</Filter>
    </ClCompile>
    <ClCompile Include="frontend\maxwell\translate\impl\integer_to_integer_conversion.cpp">
      <Filter>Source Files\frontend\maxwell\translate\impl</Filter>
    </ClCompile>
    <ClCompile Include="frontend\maxwell\translate\impl\internal_stage_buffer_entry_read.cpp">
      <Filter>Source Files\frontend\maxwell\translate\impl</Filter>
    </ClCompile>
    <ClCompile Include="frontend\maxwell\translate\impl\load_constant.cpp">
      <Filter>Source Files\frontend\maxwell\translate\impl</Filter>
    </ClCompile>
    <ClCompile Include="frontend\maxwell\translate\impl\load_effective_address.cpp">
      <Filter>Source Files\frontend\maxwell\translate\impl</Filter>
    </ClCompile>
    <ClCompile Include="frontend\maxwell\translate\impl\load_store_attribute.cpp">
      <Filter>Source Files\frontend\maxwell\translate\impl</Filter>
    </ClCompile>
    <ClCompile Include="frontend\maxwell\translate\impl\load_store_local_shared.cpp">
      <Filter>Source Files\frontend\maxwell\translate\impl</Filter>
    </ClCompile>
    <ClCompile Include="frontend\maxwell\translate\impl\load_store_memory.cpp">
      <Filter>Source Files\frontend\maxwell\translate\impl</Filter>
    </ClCompile>
    <ClCompile Include="frontend\maxwell\translate\impl\logic_operation.cpp">
      <Filter>Source Files\frontend\maxwell\translate\impl</Filter>
    </ClCompile>
    <ClCompile Include="frontend\maxwell\translate\impl\logic_operation_three_input.cpp">
      <Filter>Source Files\frontend\maxwell\translate\impl</Filter>
    </ClCompile>
    <ClCompile Include="frontend\maxwell\translate\impl\move_predicate_to_register.cpp">
      <Filter>Source Files\frontend\maxwell\translate\impl</Filter>
    </ClCompile>
    <ClCompile Include="frontend\maxwell\translate\impl\move_register.cpp">
      <Filter>Source Files\frontend\maxwell\translate\impl</Filter>
    </ClCompile>
    <ClCompile Include="frontend\maxwell\translate\impl\move_register_to_predicate.cpp">
      <Filter>Source Files\frontend\maxwell\translate\impl</Filter>
    </ClCompile>
    <ClCompile Include="frontend\maxwell\translate\impl\move_special_register.cpp">
      <Filter>Source Files\frontend\maxwell\translate\impl</Filter>
    </ClCompile>
    <ClCompile Include="frontend\maxwell\translate\impl\not_implemented.cpp">
      <Filter>Source Files\frontend\maxwell\translate\impl</Filter>
    </ClCompile>
    <ClCompile Include="frontend\maxwell\translate\impl\output_geometry.cpp">
      <Filter>Source Files\frontend\maxwell\translate\impl</Filter>
    </ClCompile>
    <ClCompile Include="frontend\maxwell\translate\impl\pixel_load.cpp">
      <Filter>Source Files\frontend\maxwell\translate\impl</Filter>
    </ClCompile>
    <ClCompile Include="frontend\maxwell\translate\impl\predicate_set_predicate.cpp">
      <Filter>Source Files\frontend\maxwell\translate\impl</Filter>
    </ClCompile>
    <ClCompile Include="frontend\maxwell\translate\impl\predicate_set_register.cpp">
      <Filter>Source Files\frontend\maxwell\translate\impl</Filter>
    </ClCompile>
    <ClCompile Include="frontend\maxwell\translate\impl\select_source_with_predicate.cpp">
      <Filter>Source Files\frontend\maxwell\translate\impl</Filter>
    </ClCompile>
    <ClCompile Include="frontend\maxwell\translate\impl\surface_atomic_operations.cpp">
      <Filter>Source Files\frontend\maxwell\translate\impl</Filter>
    </ClCompile>
    <ClCompile Include="frontend\maxwell\translate\impl\surface_load_store.cpp">
      <Filter>Source Files\frontend\maxwell\translate\impl</Filter>
    </ClCompile>
    <ClCompile Include="frontend\maxwell\translate\impl\texture_fetch.cpp">
      <Filter>Source Files\frontend\maxwell\translate\impl</Filter>
    </ClCompile>
    <ClCompile Include="frontend\maxwell\translate\impl\texture_fetch_swizzled.cpp">
      <Filter>Source Files\frontend\maxwell\translate\impl</Filter>
    </ClCompile>
    <ClCompile Include="frontend\maxwell\translate\impl\texture_gather.cpp">
      <Filter>Source Files\frontend\maxwell\translate\impl</Filter>
    </ClCompile>
    <ClCompile Include="frontend\maxwell\translate\impl\texture_gather_swizzled.cpp">
      <Filter>Source Files\frontend\maxwell\translate\impl</Filter>
    </ClCompile>
    <ClCompile Include="frontend\maxwell\translate\impl\texture_gradient.cpp">
      <Filter>Source Files\frontend\maxwell\translate\impl</Filter>
    </ClCompile>
    <ClCompile Include="frontend\maxwell\translate\impl\texture_load.cpp">
      <Filter>Source Files\frontend\maxwell\translate\impl</Filter>
    </ClCompile>
    <ClCompile Include="frontend\maxwell\translate\impl\texture_load_swizzled.cpp">
      <Filter>Source Files\frontend\maxwell\translate\impl</Filter>
    </ClCompile>
    <ClCompile Include="frontend\maxwell\translate\impl\texture_mipmap_level.cpp">
      <Filter>Source Files\frontend\maxwell\translate\impl</Filter>
    </ClCompile>
    <ClCompile Include="frontend\maxwell\translate\impl\texture_query.cpp">
      <Filter>Source Files\frontend\maxwell\translate\impl</Filter>
    </ClCompile>
    <ClCompile Include="frontend\maxwell\translate\impl\video_helper.cpp">
      <Filter>Source Files\frontend\maxwell\translate\impl</Filter>
    </ClCompile>
    <ClCompile Include="frontend\maxwell\translate\impl\video_minimum_maximum.cpp">
      <Filter>Source Files\frontend\maxwell\translate\impl</Filter>
    </ClCompile>
    <ClCompile Include="frontend\maxwell\translate\impl\video_multiply_add.cpp">
      <Filter>Source Files\frontend\maxwell\translate\impl</Filter>
    </ClCompile>
    <ClCompile Include="frontend\maxwell\translate\impl\video_set_predicate.cpp">
      <Filter>Source Files\frontend\maxwell\translate\impl</Filter>
    </ClCompile>
    <ClCompile Include="frontend\maxwell\translate\impl\vote.cpp">
      <Filter>Source Files\frontend\maxwell\translate\impl</Filter>
    </ClCompile>
    <ClCompile Include="frontend\maxwell\translate\impl\warp_shuffle.cpp">
      <Filter>Source Files\frontend\maxwell\translate\impl</Filter>
    </ClCompile>
    <ClCompile Include="ir_opt\collect_shader_info_pass.cpp">
      <Filter>Source Files\ir_opt</Filter>
    </ClCompile>
    <ClCompile Include="ir_opt\conditional_barrier_pass.cpp">
      <Filter>Source Files\ir_opt</Filter>
    </ClCompile>
    <ClCompile Include="ir_opt\constant_propagation_pass.cpp">
      <Filter>Source Files\ir_opt</Filter>
    </ClCompile>
    <ClCompile Include="ir_opt\dead_code_elimination_pass.cpp">
      <Filter>Source Files\ir_opt</Filter>
    </ClCompile>
    <ClCompile Include="ir_opt\dual_vertex_pass.cpp">
      <Filter>Source Files\ir_opt</Filter>
    </ClCompile>
    <ClCompile Include="ir_opt\global_memory_to_storage_buffer_pass.cpp">
      <Filter>Source Files\ir_opt</Filter>
    </ClCompile>
    <ClCompile Include="ir_opt\identity_removal_pass.cpp">
      <Filter>Source Files\ir_opt</Filter>
    </ClCompile>
    <ClCompile Include="ir_opt\layer_pass.cpp">
      <Filter>Source Files\ir_opt</Filter>
    </ClCompile>
    <ClCompile Include="ir_opt\lower_fp16_to_fp32.cpp">
      <Filter>Source Files\ir_opt</Filter>
    </ClCompile>
    <ClCompile Include="ir_opt\lower_fp64_to_fp32.cpp">
      <Filter>Source Files\ir_opt</Filter>
    </ClCompile>
    <ClCompile Include="ir_opt\lower_int64_to_int32.cpp">
      <Filter>Source Files\ir_opt</Filter>
    </ClCompile>
    <ClCompile Include="ir_opt\position_pass.cpp">
      <Filter>Source Files\ir_opt</Filter>
    </ClCompile>
    <ClCompile Include="ir_opt\rescaling_pass.cpp">
      <Filter>Source Files\ir_opt</Filter>
    </ClCompile>
    <ClCompile Include="ir_opt\ssa_rewrite_pass.cpp">
      <Filter>Source Files\ir_opt</Filter>
    </ClCompile>
    <ClCompile Include="ir_opt\texture_pass.cpp">
      <Filter>Source Files\ir_opt</Filter>
    </ClCompile>
    <ClCompile Include="ir_opt\vendor_workaround_pass.cpp">
      <Filter>Source Files\ir_opt</Filter>
    </ClCompile>
    <ClCompile Include="ir_opt\verification_pass.cpp">
      <Filter>Source Files\ir_opt</Filter>
    </ClCompile>
  </ItemGroup>
</Project>